// !$*UTF8*$!
{
	archiveVersion = 1;
	classes = {
	};
	objectVersion = 51;
	objects = {

/* Begin PBXBuildFile section */
		2B49FED9003C7CAF059ECF2D /* Pods_NewsApp.framework in Frameworks */ = {isa = PBXBuildFile; fileRef = 2D5A5485454F730340804FEF /* Pods_NewsApp.framework */; };
		7FB2238C272C4B1F0094F44E /* AppDelegate.swift in Sources */ = {isa = PBXBuildFile; fileRef = 7FB2238B272C4B1F0094F44E /* AppDelegate.swift */; };
		7FB2238E272C4B1F0094F44E /* SceneDelegate.swift in Sources */ = {isa = PBXBuildFile; fileRef = 7FB2238D272C4B1F0094F44E /* SceneDelegate.swift */; };
		7FB22390272C4B1F0094F44E /* TopHeadlinesViewController.swift in Sources */ = {isa = PBXBuildFile; fileRef = 7FB2238F272C4B1F0094F44E /* TopHeadlinesViewController.swift */; };
		7FB22395272C4B240094F44E /* Assets.xcassets in Resources */ = {isa = PBXBuildFile; fileRef = 7FB22394272C4B240094F44E /* Assets.xcassets */; };
		7FB22398272C4B240094F44E /* LaunchScreen.storyboard in Resources */ = {isa = PBXBuildFile; fileRef = 7FB22396272C4B240094F44E /* LaunchScreen.storyboard */; };
		7FB223A9272C4C800094F44E /* ViewArticleViewController.swift in Sources */ = {isa = PBXBuildFile; fileRef = 7FB223A8272C4C800094F44E /* ViewArticleViewController.swift */; };
		7FB223AB272C4FC60094F44E /* APIManager.swift in Sources */ = {isa = PBXBuildFile; fileRef = 7FB223AA272C4FC60094F44E /* APIManager.swift */; };
		7FB223AF272C58D40094F44E /* Category.swift in Sources */ = {isa = PBXBuildFile; fileRef = 7FB223AE272C58D40094F44E /* Category.swift */; };
		7FB223B1272C617E0094F44E /* Constants.swift in Sources */ = {isa = PBXBuildFile; fileRef = 7FB223B0272C617E0094F44E /* Constants.swift */; };
		7FB223B3272EC2ED0094F44E /* UIButton+Additions.swift in Sources */ = {isa = PBXBuildFile; fileRef = 7FB223B2272EC2ED0094F44E /* UIButton+Additions.swift */; };
		7FB223B7272EE07A0094F44E /* Country.swift in Sources */ = {isa = PBXBuildFile; fileRef = 7FB223B6272EE07A0094F44E /* Country.swift */; };
		7FB223BB272F019A0094F44E /* SearchViewController.swift in Sources */ = {isa = PBXBuildFile; fileRef = 7FB223BA272F019A0094F44E /* SearchViewController.swift */; };
		7FB223BD272F01C60094F44E /* TabBarViewController.swift in Sources */ = {isa = PBXBuildFile; fileRef = 7FB223BC272F01C60094F44E /* TabBarViewController.swift */; };
		7FB223BF27314C7C0094F44E /* SelectCountryViewController.swift in Sources */ = {isa = PBXBuildFile; fileRef = 7FB223BE27314C7C0094F44E /* SelectCountryViewController.swift */; };
		7FB223C127314EBF0094F44E /* CountryTableViewCell.swift in Sources */ = {isa = PBXBuildFile; fileRef = 7FB223C027314EBF0094F44E /* CountryTableViewCell.swift */; };
		7FB223C3273156A50094F44E /* SelectCategoryViewController.swift in Sources */ = {isa = PBXBuildFile; fileRef = 7FB223C2273156A50094F44E /* SelectCategoryViewController.swift */; };
		7FB223C72731914E0094F44E /* TopHeadlinesResponse.swift in Sources */ = {isa = PBXBuildFile; fileRef = 7FB223C62731914E0094F44E /* TopHeadlinesResponse.swift */; };
		7FB223C92731A2770094F44E /* ArticlesManager.swift in Sources */ = {isa = PBXBuildFile; fileRef = 7FB223C82731A2770094F44E /* ArticlesManager.swift */; };
		7FB223CB2731A4640094F44E /* SourcesResponse.swift in Sources */ = {isa = PBXBuildFile; fileRef = 7FB223CA2731A4640094F44E /* SourcesResponse.swift */; };
		7FB223CD2731BC8E0094F44E /* SelectSourcesViewController.swift in Sources */ = {isa = PBXBuildFile; fileRef = 7FB223CC2731BC8E0094F44E /* SelectSourcesViewController.swift */; };
		7FB223CF273308010094F44E /* CustomSourcesTableViewCell.swift in Sources */ = {isa = PBXBuildFile; fileRef = 7FB223CE273308010094F44E /* CustomSourcesTableViewCell.swift */; };
		7FB223D3273561E00094F44E /* ArticlesPreviewTableViewCell.swift in Sources */ = {isa = PBXBuildFile; fileRef = 7FB223D2273561E00094F44E /* ArticlesPreviewTableViewCell.swift */; };
/* End PBXBuildFile section */

/* Begin PBXFileReference section */
		2D5A5485454F730340804FEF /* Pods_NewsApp.framework */ = {isa = PBXFileReference; explicitFileType = wrapper.framework; includeInIndex = 0; path = Pods_NewsApp.framework; sourceTree = BUILT_PRODUCTS_DIR; };
		7FB22388272C4B1F0094F44E /* NewsApp.app */ = {isa = PBXFileReference; explicitFileType = wrapper.application; includeInIndex = 0; path = NewsApp.app; sourceTree = BUILT_PRODUCTS_DIR; };
		7FB2238B272C4B1F0094F44E /* AppDelegate.swift */ = {isa = PBXFileReference; lastKnownFileType = sourcecode.swift; path = AppDelegate.swift; sourceTree = "<group>"; };
		7FB2238D272C4B1F0094F44E /* SceneDelegate.swift */ = {isa = PBXFileReference; lastKnownFileType = sourcecode.swift; path = SceneDelegate.swift; sourceTree = "<group>"; };
		7FB2238F272C4B1F0094F44E /* TopHeadlinesViewController.swift */ = {isa = PBXFileReference; lastKnownFileType = sourcecode.swift; path = TopHeadlinesViewController.swift; sourceTree = "<group>"; };
		7FB22394272C4B240094F44E /* Assets.xcassets */ = {isa = PBXFileReference; lastKnownFileType = folder.assetcatalog; path = Assets.xcassets; sourceTree = "<group>"; };
		7FB22397272C4B240094F44E /* Base */ = {isa = PBXFileReference; lastKnownFileType = file.storyboard; name = Base; path = Base.lproj/LaunchScreen.storyboard; sourceTree = "<group>"; };
		7FB22399272C4B240094F44E /* Info.plist */ = {isa = PBXFileReference; lastKnownFileType = text.plist.xml; path = Info.plist; sourceTree = "<group>"; };
		7FB223A8272C4C800094F44E /* ViewArticleViewController.swift */ = {isa = PBXFileReference; lastKnownFileType = sourcecode.swift; path = ViewArticleViewController.swift; sourceTree = "<group>"; };
		7FB223AA272C4FC60094F44E /* APIManager.swift */ = {isa = PBXFileReference; lastKnownFileType = sourcecode.swift; path = APIManager.swift; sourceTree = "<group>"; };
		7FB223AE272C58D40094F44E /* Category.swift */ = {isa = PBXFileReference; lastKnownFileType = sourcecode.swift; path = Category.swift; sourceTree = "<group>"; };
		7FB223B0272C617E0094F44E /* Constants.swift */ = {isa = PBXFileReference; lastKnownFileType = sourcecode.swift; path = Constants.swift; sourceTree = "<group>"; };
		7FB223B2272EC2ED0094F44E /* UIButton+Additions.swift */ = {isa = PBXFileReference; lastKnownFileType = sourcecode.swift; path = "UIButton+Additions.swift"; sourceTree = "<group>"; };
		7FB223B6272EE07A0094F44E /* Country.swift */ = {isa = PBXFileReference; lastKnownFileType = sourcecode.swift; path = Country.swift; sourceTree = "<group>"; };
		7FB223BA272F019A0094F44E /* SearchViewController.swift */ = {isa = PBXFileReference; lastKnownFileType = sourcecode.swift; path = SearchViewController.swift; sourceTree = "<group>"; };
		7FB223BC272F01C60094F44E /* TabBarViewController.swift */ = {isa = PBXFileReference; lastKnownFileType = sourcecode.swift; path = TabBarViewController.swift; sourceTree = "<group>"; };
		7FB223BE27314C7C0094F44E /* SelectCountryViewController.swift */ = {isa = PBXFileReference; lastKnownFileType = sourcecode.swift; path = SelectCountryViewController.swift; sourceTree = "<group>"; };
		7FB223C027314EBF0094F44E /* CountryTableViewCell.swift */ = {isa = PBXFileReference; lastKnownFileType = sourcecode.swift; path = CountryTableViewCell.swift; sourceTree = "<group>"; };
		7FB223C2273156A50094F44E /* SelectCategoryViewController.swift */ = {isa = PBXFileReference; lastKnownFileType = sourcecode.swift; path = SelectCategoryViewController.swift; sourceTree = "<group>"; };
		7FB223C62731914E0094F44E /* TopHeadlinesResponse.swift */ = {isa = PBXFileReference; lastKnownFileType = sourcecode.swift; path = TopHeadlinesResponse.swift; sourceTree = "<group>"; };
		7FB223C82731A2770094F44E /* ArticlesManager.swift */ = {isa = PBXFileReference; lastKnownFileType = sourcecode.swift; path = ArticlesManager.swift; sourceTree = "<group>"; };
		7FB223CA2731A4640094F44E /* SourcesResponse.swift */ = {isa = PBXFileReference; lastKnownFileType = sourcecode.swift; path = SourcesResponse.swift; sourceTree = "<group>"; };
		7FB223CC2731BC8E0094F44E /* SelectSourcesViewController.swift */ = {isa = PBXFileReference; lastKnownFileType = sourcecode.swift; path = SelectSourcesViewController.swift; sourceTree = "<group>"; };
		7FB223CE273308010094F44E /* CustomSourcesTableViewCell.swift */ = {isa = PBXFileReference; lastKnownFileType = sourcecode.swift; path = CustomSourcesTableViewCell.swift; sourceTree = "<group>"; };
		7FB223D2273561E00094F44E /* ArticlesPreviewTableViewCell.swift */ = {isa = PBXFileReference; lastKnownFileType = sourcecode.swift; path = ArticlesPreviewTableViewCell.swift; sourceTree = "<group>"; };
		90B727441B8BB0F74F4244B4 /* Pods-NewsApp.debug.xcconfig */ = {isa = PBXFileReference; includeInIndex = 1; lastKnownFileType = text.xcconfig; name = "Pods-NewsApp.debug.xcconfig"; path = "Target Support Files/Pods-NewsApp/Pods-NewsApp.debug.xcconfig"; sourceTree = "<group>"; };
		E2ACC08EA412820233EA2486 /* Pods-NewsApp.release.xcconfig */ = {isa = PBXFileReference; includeInIndex = 1; lastKnownFileType = text.xcconfig; name = "Pods-NewsApp.release.xcconfig"; path = "Target Support Files/Pods-NewsApp/Pods-NewsApp.release.xcconfig"; sourceTree = "<group>"; };
/* End PBXFileReference section */

/* Begin PBXFrameworksBuildPhase section */
		7FB22385272C4B1F0094F44E /* Frameworks */ = {
			isa = PBXFrameworksBuildPhase;
			buildActionMask = 2147483647;
			files = (
				2B49FED9003C7CAF059ECF2D /* Pods_NewsApp.framework in Frameworks */,
			);
			runOnlyForDeploymentPostprocessing = 0;
		};
/* End PBXFrameworksBuildPhase section */

/* Begin PBXGroup section */
		6D8A8D47DF8EC3664656E656 /* Frameworks */ = {
			isa = PBXGroup;
			children = (
				2D5A5485454F730340804FEF /* Pods_NewsApp.framework */,
			);
			name = Frameworks;
			sourceTree = "<group>";
		};
		7FB2237F272C4B1F0094F44E = {
			isa = PBXGroup;
			children = (
				7FB2238A272C4B1F0094F44E /* NewsApp */,
				7FB22389272C4B1F0094F44E /* Products */,
				8C478F16FC15157950E37B55 /* Pods */,
				6D8A8D47DF8EC3664656E656 /* Frameworks */,
			);
			sourceTree = "<group>";
		};
		7FB22389272C4B1F0094F44E /* Products */ = {
			isa = PBXGroup;
			children = (
				7FB22388272C4B1F0094F44E /* NewsApp.app */,
			);
			name = Products;
			sourceTree = "<group>";
		};
		7FB2238A272C4B1F0094F44E /* NewsApp */ = {
			isa = PBXGroup;
			children = (
				7FB223A3272C4BD90094F44E /* Resources */,
				7FB223A2272C4BD20094F44E /* Managers */,
				7FB223A1272C4BCF0094F44E /* Models */,
				7FB223A0272C4BCA0094F44E /* Views */,
				7FB2239F272C4BC00094F44E /* Controllers */,
				7FB22399272C4B240094F44E /* Info.plist */,
			);
			path = NewsApp;
			sourceTree = "<group>";
		};
		7FB2239F272C4BC00094F44E /* Controllers */ = {
			isa = PBXGroup;
			children = (
				7FB223C4273156DC0094F44E /* Core */,
				7FB223C5273156F60094F44E /* Other */,
			);
			path = Controllers;
			sourceTree = "<group>";
		};
		7FB223A0272C4BCA0094F44E /* Views */ = {
			isa = PBXGroup;
			children = (
				7FB22396272C4B240094F44E /* LaunchScreen.storyboard */,
				7FB223C027314EBF0094F44E /* CountryTableViewCell.swift */,
				7FB223CE273308010094F44E /* CustomSourcesTableViewCell.swift */,
				7FB223D2273561E00094F44E /* ArticlesPreviewTableViewCell.swift */,
			);
			path = Views;
			sourceTree = "<group>";
		};
		7FB223A1272C4BCF0094F44E /* Models */ = {
			isa = PBXGroup;
			children = (
				7FB223AE272C58D40094F44E /* Category.swift */,
				7FB223B6272EE07A0094F44E /* Country.swift */,
				7FB223C62731914E0094F44E /* TopHeadlinesResponse.swift */,
				7FB223CA2731A4640094F44E /* SourcesResponse.swift */,
			);
			path = Models;
			sourceTree = "<group>";
		};
		7FB223A2272C4BD20094F44E /* Managers */ = {
			isa = PBXGroup;
			children = (
				7FB223AA272C4FC60094F44E /* APIManager.swift */,
				7FB223C82731A2770094F44E /* ArticlesManager.swift */,
			);
			path = Managers;
			sourceTree = "<group>";
		};
		7FB223A3272C4BD90094F44E /* Resources */ = {
			isa = PBXGroup;
			children = (
				7FB22394272C4B240094F44E /* Assets.xcassets */,
				7FB2238B272C4B1F0094F44E /* AppDelegate.swift */,
				7FB2238D272C4B1F0094F44E /* SceneDelegate.swift */,
				7FB223B0272C617E0094F44E /* Constants.swift */,
				7FB223B2272EC2ED0094F44E /* UIButton+Additions.swift */,
			);
			path = Resources;
			sourceTree = "<group>";
		};
		7FB223C4273156DC0094F44E /* Core */ = {
			isa = PBXGroup;
			children = (
				7FB223BC272F01C60094F44E /* TabBarViewController.swift */,
				7FB2238F272C4B1F0094F44E /* TopHeadlinesViewController.swift */,
				7FB223BA272F019A0094F44E /* SearchViewController.swift */,
			);
			path = Core;
			sourceTree = "<group>";
		};
		7FB223C5273156F60094F44E /* Other */ = {
			isa = PBXGroup;
			children = (
				7FB223A8272C4C800094F44E /* ViewArticleViewController.swift */,
				7FB223BE27314C7C0094F44E /* SelectCountryViewController.swift */,
				7FB223C2273156A50094F44E /* SelectCategoryViewController.swift */,
				7FB223CC2731BC8E0094F44E /* SelectSourcesViewController.swift */,
			);
			path = Other;
			sourceTree = "<group>";
		};
		8C478F16FC15157950E37B55 /* Pods */ = {
			isa = PBXGroup;
			children = (
				90B727441B8BB0F74F4244B4 /* Pods-NewsApp.debug.xcconfig */,
				E2ACC08EA412820233EA2486 /* Pods-NewsApp.release.xcconfig */,
			);
			path = Pods;
			sourceTree = "<group>";
		};
/* End PBXGroup section */

/* Begin PBXNativeTarget section */
		7FB22387272C4B1F0094F44E /* NewsApp */ = {
			isa = PBXNativeTarget;
			buildConfigurationList = 7FB2239C272C4B240094F44E /* Build configuration list for PBXNativeTarget "NewsApp" */;
			buildPhases = (
				6C6DD04F961A473A3AE9A1F9 /* [CP] Check Pods Manifest.lock */,
				7FB22384272C4B1F0094F44E /* Sources */,
				7FB22385272C4B1F0094F44E /* Frameworks */,
				7FB22386272C4B1F0094F44E /* Resources */,
				64D79CBB78C83B95159B607F /* [CP] Embed Pods Frameworks */,
			);
			buildRules = (
			);
			dependencies = (
			);
			name = NewsApp;
			productName = NewsApp;
			productReference = 7FB22388272C4B1F0094F44E /* NewsApp.app */;
			productType = "com.apple.product-type.application";
		};
/* End PBXNativeTarget section */

/* Begin PBXProject section */
		7FB22380272C4B1F0094F44E /* Project object */ = {
			isa = PBXProject;
			attributes = {
				LastSwiftUpdateCheck = 1250;
				LastUpgradeCheck = 1250;
				TargetAttributes = {
					7FB22387272C4B1F0094F44E = {
						CreatedOnToolsVersion = 12.5;
					};
				};
			};
			buildConfigurationList = 7FB22383272C4B1F0094F44E /* Build configuration list for PBXProject "NewsApp" */;
			compatibilityVersion = "Xcode 9.3";
			developmentRegion = en;
			hasScannedForEncodings = 0;
			knownRegions = (
				en,
				Base,
			);
			mainGroup = 7FB2237F272C4B1F0094F44E;
			productRefGroup = 7FB22389272C4B1F0094F44E /* Products */;
			projectDirPath = "";
			projectRoot = "";
			targets = (
				7FB22387272C4B1F0094F44E /* NewsApp */,
			);
		};
/* End PBXProject section */

/* Begin PBXResourcesBuildPhase section */
		7FB22386272C4B1F0094F44E /* Resources */ = {
			isa = PBXResourcesBuildPhase;
			buildActionMask = 2147483647;
			files = (
				7FB22398272C4B240094F44E /* LaunchScreen.storyboard in Resources */,
				7FB22395272C4B240094F44E /* Assets.xcassets in Resources */,
			);
			runOnlyForDeploymentPostprocessing = 0;
		};
/* End PBXResourcesBuildPhase section */

/* Begin PBXShellScriptBuildPhase section */
		64D79CBB78C83B95159B607F /* [CP] Embed Pods Frameworks */ = {
			isa = PBXShellScriptBuildPhase;
			buildActionMask = 2147483647;
			files = (
			);
			inputFileListPaths = (
				"${PODS_ROOT}/Target Support Files/Pods-NewsApp/Pods-NewsApp-frameworks-${CONFIGURATION}-input-files.xcfilelist",
			);
			name = "[CP] Embed Pods Frameworks";
			outputFileListPaths = (
				"${PODS_ROOT}/Target Support Files/Pods-NewsApp/Pods-NewsApp-frameworks-${CONFIGURATION}-output-files.xcfilelist",
			);
			runOnlyForDeploymentPostprocessing = 0;
			shellPath = /bin/sh;
			shellScript = "\"${PODS_ROOT}/Target Support Files/Pods-NewsApp/Pods-NewsApp-frameworks.sh\"\n";
			showEnvVarsInLog = 0;
		};
		6C6DD04F961A473A3AE9A1F9 /* [CP] Check Pods Manifest.lock */ = {
			isa = PBXShellScriptBuildPhase;
			buildActionMask = 2147483647;
			files = (
			);
			inputFileListPaths = (
			);
			inputPaths = (
				"${PODS_PODFILE_DIR_PATH}/Podfile.lock",
				"${PODS_ROOT}/Manifest.lock",
			);
			name = "[CP] Check Pods Manifest.lock";
			outputFileListPaths = (
			);
			outputPaths = (
				"$(DERIVED_FILE_DIR)/Pods-NewsApp-checkManifestLockResult.txt",
			);
			runOnlyForDeploymentPostprocessing = 0;
			shellPath = /bin/sh;
			shellScript = "diff \"${PODS_PODFILE_DIR_PATH}/Podfile.lock\" \"${PODS_ROOT}/Manifest.lock\" > /dev/null\nif [ $? != 0 ] ; then\n    # print error to STDERR\n    echo \"error: The sandbox is not in sync with the Podfile.lock. Run 'pod install' or update your CocoaPods installation.\" >&2\n    exit 1\nfi\n# This output is used by Xcode 'outputs' to avoid re-running this script phase.\necho \"SUCCESS\" > \"${SCRIPT_OUTPUT_FILE_0}\"\n";
			showEnvVarsInLog = 0;
		};
/* End PBXShellScriptBuildPhase section */

/* Begin PBXSourcesBuildPhase section */
		7FB22384272C4B1F0094F44E /* Sources */ = {
			isa = PBXSourcesBuildPhase;
			buildActionMask = 2147483647;
			files = (
				7FB223A9272C4C800094F44E /* ViewArticleViewController.swift in Sources */,
				7FB223D3273561E00094F44E /* ArticlesPreviewTableViewCell.swift in Sources */,
				7FB223C3273156A50094F44E /* SelectCategoryViewController.swift in Sources */,
				7FB223CF273308010094F44E /* CustomSourcesTableViewCell.swift in Sources */,
				7FB223C92731A2770094F44E /* ArticlesManager.swift in Sources */,
				7FB223C72731914E0094F44E /* TopHeadlinesResponse.swift in Sources */,
				7FB22390272C4B1F0094F44E /* TopHeadlinesViewController.swift in Sources */,
				7FB2238C272C4B1F0094F44E /* AppDelegate.swift in Sources */,
				7FB223B7272EE07A0094F44E /* Country.swift in Sources */,
				7FB223CB2731A4640094F44E /* SourcesResponse.swift in Sources */,
				7FB223C127314EBF0094F44E /* CountryTableViewCell.swift in Sources */,
				7FB223B3272EC2ED0094F44E /* UIButton+Additions.swift in Sources */,
				7FB223BB272F019A0094F44E /* SearchViewController.swift in Sources */,
				7FB223B1272C617E0094F44E /* Constants.swift in Sources */,
				7FB2238E272C4B1F0094F44E /* SceneDelegate.swift in Sources */,
				7FB223CD2731BC8E0094F44E /* SelectSourcesViewController.swift in Sources */,
				7FB223AF272C58D40094F44E /* Category.swift in Sources */,
				7FB223BF27314C7C0094F44E /* SelectCountryViewController.swift in Sources */,
				7FB223BD272F01C60094F44E /* TabBarViewController.swift in Sources */,
				7FB223AB272C4FC60094F44E /* APIManager.swift in Sources */,
			);
			runOnlyForDeploymentPostprocessing = 0;
		};
/* End PBXSourcesBuildPhase section */

/* Begin PBXVariantGroup section */
		7FB22396272C4B240094F44E /* LaunchScreen.storyboard */ = {
			isa = PBXVariantGroup;
			children = (
				7FB22397272C4B240094F44E /* Base */,
			);
			name = LaunchScreen.storyboard;
			sourceTree = "<group>";
		};
/* End PBXVariantGroup section */

/* Begin XCBuildConfiguration section */
		7FB2239A272C4B240094F44E /* Debug */ = {
			isa = XCBuildConfiguration;
			buildSettings = {
				ALWAYS_SEARCH_USER_PATHS = NO;
				CLANG_ANALYZER_NONNULL = YES;
				CLANG_ANALYZER_NUMBER_OBJECT_CONVERSION = YES_AGGRESSIVE;
				CLANG_CXX_LANGUAGE_STANDARD = "gnu++14";
				CLANG_CXX_LIBRARY = "libc++";
				CLANG_ENABLE_MODULES = YES;
				CLANG_ENABLE_OBJC_ARC = YES;
				CLANG_ENABLE_OBJC_WEAK = YES;
				CLANG_WARN_BLOCK_CAPTURE_AUTORELEASING = YES;
				CLANG_WARN_BOOL_CONVERSION = YES;
				CLANG_WARN_COMMA = YES;
				CLANG_WARN_CONSTANT_CONVERSION = YES;
				CLANG_WARN_DEPRECATED_OBJC_IMPLEMENTATIONS = YES;
				CLANG_WARN_DIRECT_OBJC_ISA_USAGE = YES_ERROR;
				CLANG_WARN_DOCUMENTATION_COMMENTS = YES;
				CLANG_WARN_EMPTY_BODY = YES;
				CLANG_WARN_ENUM_CONVERSION = YES;
				CLANG_WARN_INFINITE_RECURSION = YES;
				CLANG_WARN_INT_CONVERSION = YES;
				CLANG_WARN_NON_LITERAL_NULL_CONVERSION = YES;
				CLANG_WARN_OBJC_IMPLICIT_RETAIN_SELF = YES;
				CLANG_WARN_OBJC_LITERAL_CONVERSION = YES;
				CLANG_WARN_OBJC_ROOT_CLASS = YES_ERROR;
				CLANG_WARN_QUOTED_INCLUDE_IN_FRAMEWORK_HEADER = YES;
				CLANG_WARN_RANGE_LOOP_ANALYSIS = YES;
				CLANG_WARN_STRICT_PROTOTYPES = YES;
				CLANG_WARN_SUSPICIOUS_MOVE = YES;
				CLANG_WARN_UNGUARDED_AVAILABILITY = YES_AGGRESSIVE;
				CLANG_WARN_UNREACHABLE_CODE = YES;
				CLANG_WARN__DUPLICATE_METHOD_MATCH = YES;
				COPY_PHASE_STRIP = NO;
				DEBUG_INFORMATION_FORMAT = dwarf;
				ENABLE_STRICT_OBJC_MSGSEND = YES;
				ENABLE_TESTABILITY = YES;
				GCC_C_LANGUAGE_STANDARD = gnu11;
				GCC_DYNAMIC_NO_PIC = NO;
				GCC_NO_COMMON_BLOCKS = YES;
				GCC_OPTIMIZATION_LEVEL = 0;
				GCC_PREPROCESSOR_DEFINITIONS = (
					"DEBUG=1",
					"$(inherited)",
				);
				GCC_WARN_64_TO_32_BIT_CONVERSION = YES;
				GCC_WARN_ABOUT_RETURN_TYPE = YES_ERROR;
				GCC_WARN_UNDECLARED_SELECTOR = YES;
				GCC_WARN_UNINITIALIZED_AUTOS = YES_AGGRESSIVE;
				GCC_WARN_UNUSED_FUNCTION = YES;
				GCC_WARN_UNUSED_VARIABLE = YES;
				IPHONEOS_DEPLOYMENT_TARGET = 14.5;
				MTL_ENABLE_DEBUG_INFO = INCLUDE_SOURCE;
				MTL_FAST_MATH = YES;
				ONLY_ACTIVE_ARCH = YES;
				SDKROOT = iphoneos;
				SWIFT_ACTIVE_COMPILATION_CONDITIONS = DEBUG;
				SWIFT_OPTIMIZATION_LEVEL = "-Onone";
			};
			name = Debug;
		};
		7FB2239B272C4B240094F44E /* Release */ = {
			isa = XCBuildConfiguration;
			buildSettings = {
				ALWAYS_SEARCH_USER_PATHS = NO;
				CLANG_ANALYZER_NONNULL = YES;
				CLANG_ANALYZER_NUMBER_OBJECT_CONVERSION = YES_AGGRESSIVE;
				CLANG_CXX_LANGUAGE_STANDARD = "gnu++14";
				CLANG_CXX_LIBRARY = "libc++";
				CLANG_ENABLE_MODULES = YES;
				CLANG_ENABLE_OBJC_ARC = YES;
				CLANG_ENABLE_OBJC_WEAK = YES;
				CLANG_WARN_BLOCK_CAPTURE_AUTORELEASING = YES;
				CLANG_WARN_BOOL_CONVERSION = YES;
				CLANG_WARN_COMMA = YES;
				CLANG_WARN_CONSTANT_CONVERSION = YES;
				CLANG_WARN_DEPRECATED_OBJC_IMPLEMENTATIONS = YES;
				CLANG_WARN_DIRECT_OBJC_ISA_USAGE = YES_ERROR;
				CLANG_WARN_DOCUMENTATION_COMMENTS = YES;
				CLANG_WARN_EMPTY_BODY = YES;
				CLANG_WARN_ENUM_CONVERSION = YES;
				CLANG_WARN_INFINITE_RECURSION = YES;
				CLANG_WARN_INT_CONVERSION = YES;
				CLANG_WARN_NON_LITERAL_NULL_CONVERSION = YES;
				CLANG_WARN_OBJC_IMPLICIT_RETAIN_SELF = YES;
				CLANG_WARN_OBJC_LITERAL_CONVERSION = YES;
				CLANG_WARN_OBJC_ROOT_CLASS = YES_ERROR;
				CLANG_WARN_QUOTED_INCLUDE_IN_FRAMEWORK_HEADER = YES;
				CLANG_WARN_RANGE_LOOP_ANALYSIS = YES;
				CLANG_WARN_STRICT_PROTOTYPES = YES;
				CLANG_WARN_SUSPICIOUS_MOVE = YES;
				CLANG_WARN_UNGUARDED_AVAILABILITY = YES_AGGRESSIVE;
				CLANG_WARN_UNREACHABLE_CODE = YES;
				CLANG_WARN__DUPLICATE_METHOD_MATCH = YES;
				COPY_PHASE_STRIP = NO;
				DEBUG_INFORMATION_FORMAT = "dwarf-with-dsym";
				ENABLE_NS_ASSERTIONS = NO;
				ENABLE_STRICT_OBJC_MSGSEND = YES;
				GCC_C_LANGUAGE_STANDARD = gnu11;
				GCC_NO_COMMON_BLOCKS = YES;
				GCC_WARN_64_TO_32_BIT_CONVERSION = YES;
				GCC_WARN_ABOUT_RETURN_TYPE = YES_ERROR;
				GCC_WARN_UNDECLARED_SELECTOR = YES;
				GCC_WARN_UNINITIALIZED_AUTOS = YES_AGGRESSIVE;
				GCC_WARN_UNUSED_FUNCTION = YES;
				GCC_WARN_UNUSED_VARIABLE = YES;
				IPHONEOS_DEPLOYMENT_TARGET = 14.5;
				MTL_ENABLE_DEBUG_INFO = NO;
				MTL_FAST_MATH = YES;
				SDKROOT = iphoneos;
				SWIFT_COMPILATION_MODE = wholemodule;
				SWIFT_OPTIMIZATION_LEVEL = "-O";
				VALIDATE_PRODUCT = YES;
			};
			name = Release;
		};
		7FB2239D272C4B240094F44E /* Debug */ = {
			isa = XCBuildConfiguration;
			baseConfigurationReference = 90B727441B8BB0F74F4244B4 /* Pods-NewsApp.debug.xcconfig */;
			buildSettings = {
				ASSETCATALOG_COMPILER_APPICON_NAME = AppIcon;
				ASSETCATALOG_COMPILER_GLOBAL_ACCENT_COLOR_NAME = AccentColor;
				CODE_SIGN_STYLE = Automatic;
				INFOPLIST_FILE = NewsApp/Info.plist;
				IPHONEOS_DEPLOYMENT_TARGET = 13.0;
				LD_RUNPATH_SEARCH_PATHS = (
					"$(inherited)",
					"@executable_path/Frameworks",
				);
				PRODUCT_BUNDLE_IDENTIFIER = com.stefandojcinovic.NewsApp;
				PRODUCT_NAME = "$(TARGET_NAME)";
				SWIFT_VERSION = 5.0;
				TARGETED_DEVICE_FAMILY = 1;
			};
			name = Debug;
		};
		7FB2239E272C4B240094F44E /* Release */ = {
			isa = XCBuildConfiguration;
			baseConfigurationReference = E2ACC08EA412820233EA2486 /* Pods-NewsApp.release.xcconfig */;
			buildSettings = {
				ASSETCATALOG_COMPILER_APPICON_NAME = AppIcon;
				ASSETCATALOG_COMPILER_GLOBAL_ACCENT_COLOR_NAME = AccentColor;
				CODE_SIGN_STYLE = Automatic;
				INFOPLIST_FILE = NewsApp/Info.plist;
				IPHONEOS_DEPLOYMENT_TARGET = 13.0;
				LD_RUNPATH_SEARCH_PATHS = (
					"$(inherited)",
					"@executable_path/Frameworks",
				);
				PRODUCT_BUNDLE_IDENTIFIER = com.stefandojcinovic.NewsApp;
				PRODUCT_NAME = "$(TARGET_NAME)";
				SWIFT_VERSION = 5.0;
				TARGETED_DEVICE_FAMILY = 1;
			};
			name = Release;
		};
/* End XCBuildConfiguration section */

/* Begin XCConfigurationList section */
		7FB22383272C4B1F0094F44E /* Build configuration list for PBXProject "NewsApp" */ = {
			isa = XCConfigurationList;
			buildConfigurations = (
				7FB2239A272C4B240094F44E /* Debug */,
				7FB2239B272C4B240094F44E /* Release */,
			);
			defaultConfigurationIsVisible = 0;
			defaultConfigurationName = Release;
		};
		7FB2239C272C4B240094F44E /* Build configuration list for PBXNativeTarget "NewsApp" */ = {
			isa = XCConfigurationList;
			buildConfigurations = (
				7FB2239D272C4B240094F44E /* Debug */,
				7FB2239E272C4B240094F44E /* Release */,
			);
			defaultConfigurationIsVisible = 0;
			defaultConfigurationName = Release;
		};
/* End XCConfigurationList section */
	};
	rootObject = 7FB22380272C4B1F0094F44E /* Project object */;
}
